{
  "name": "concat-everywhere",
  "version": "0.1.0",
  "lockfileVersion": 3,
  "requires": true,
  "packages": {
    "": {
      "name": "concat-everywhere",
      "version": "0.0.1",
      "license": "BSD-3-Clause",
      "devDependencies": {
        "@pmoo/testy": "^7.0.2"
      }
    },
    "node_modules/@pmoo/testy": {
      "version": "7.0.2",
      "resolved": "https://registry.npmjs.org/@pmoo/testy/-/testy-7.0.2.tgz",
      "integrity": "sha512-bKURzhGeTkT5tbl0lWH9agMQV/sTYH9j9aR16chhvs12HC/VU1ZyBEveeCA8fqJb/Oq4ZGvxFQYEU7e/59VqCA==",
      "dev": true,
      "bin": {
        "testy": "bin/testy_cli.js"
      },
      "engines": {
        "node": ">= 18.*"
      }
    }
  }
}
